{
  "requires": true,
  "lockfileVersion": 1,
  "dependencies": {
    "@mattlewis92/dom-autoscroller": {
      "version": "2.3.7",
      "resolved": "https://registry.npmjs.org/@mattlewis92/dom-autoscroller/-/dom-autoscroller-2.3.7.tgz",
      "integrity": "sha512-pmEjUTdrhKlo9IMSJMBQNtdo86qayjElTh3mhTtJG0sIdIOVMptlw3stdGffYeHFPOiwJTvqwQNKur2zH68ilA==",
      "requires": {
        "create-point-cb": "^1.0.0",
        "dom-mousemove-dispatcher": "^1.0.1",
        "dom-plane": "^1.0.1",
        "dom-set": "^1.0.1",
        "type-func": "^1.0.1"
      }
    },
    "@scarf/scarf": {
      "version": "1.0.5",
      "resolved": "https://registry.npmjs.org/@scarf/scarf/-/scarf-1.0.5.tgz",
      "integrity": "sha512-9WKaGVpQH905Aqkk+BczFEeLQxS07rl04afFRPUG9IcSlOwmo5EVVuuNu0d4M9LMYucObvK0LoAe+5HfMW2QhQ=="
    },
    "angular-calendar": {
      "version": "0.28.16",
      "resolved": "https://registry.npmjs.org/angular-calendar/-/angular-calendar-0.28.16.tgz",
      "integrity": "sha512-nHIqPnpUVzpDqKz5qauPb9fTt9wB59CnqL7PFEQMptgiMad6JjdEMiGEPG2QV/uo8tDwPBmzK1S/t67HGcME4g==",
      "requires": {
        "@scarf/scarf": "^1.0.5",
        "angular-draggable-droppable": "^4.4.6",
        "angular-resizable-element": "^3.3.2",
        "calendar-utils": "^0.8.0",
        "positioning": "^2.0.1",
        "tslib": "^1.13.0"
      }
    },
    "angular-draggable-droppable": {
      "version": "4.4.6",
      "resolved": "https://registry.npmjs.org/angular-draggable-droppable/-/angular-draggable-droppable-4.4.6.tgz",
      "integrity": "sha512-FVi+1C47ApiDftTCXT44RDwQLc49YJp73qU2ZzeMiEb0SAGuM6nLQgqsxKYTzOEei8oUHaGAwPlSRp/iIMlypA==",
      "requires": {
        "@mattlewis92/dom-autoscroller": "^2.3.7",
        "tslib": "^1.9.0"
      }
    },
    "angular-resizable-element": {
      "version": "3.3.2",
      "resolved": "https://registry.npmjs.org/angular-resizable-element/-/angular-resizable-element-3.3.2.tgz",
      "integrity": "sha512-AcZMdQ/1Szdqx+xEHGEriB7d8k9WZucrRgJH62YLmH5IwDJ9hU+vNvNmMhzIyjd2Wd7vKl+Q1E2vnoaJ3H/oNw==",
      "requires": {
        "tslib": "^1.9.0"
      }
    },
    "angularx-flatpickr": {
      "version": "6.3.1",
      "resolved": "https://registry.npmjs.org/angularx-flatpickr/-/angularx-flatpickr-6.3.1.tgz",
      "integrity": "sha512-oHFVE6StUTNgx88ZKTVjayHRN/yxjbc+kqU2uyEg7wF2JPY72ohzhmITGRdGlPdBwtCRaR276KUC59kdBKS2+Q==",
      "requires": {
        "tslib": "^1.9.0"
      }
    },
    "array-from": {
      "version": "2.1.1",
      "resolved": "https://registry.npmjs.org/array-from/-/array-from-2.1.1.tgz",
      "integrity": "sha1-z+nYwmYoudxa7MYqn12PHzUsEZU="
    },
    "calendar-utils": {
      "version": "0.8.0",
      "resolved": "https://registry.npmjs.org/calendar-utils/-/calendar-utils-0.8.0.tgz",
      "integrity": "sha512-hZ0PgXeC87HlyJVhcZLP/Km1E1Z5o5hzwkmlJa/40DTyVKXDwR8dyvkNafQu8zFm6pkX9rWnUgsWoonyF/Kfmg=="
    },
    "create-point-cb": {
      "version": "1.2.0",
      "resolved": "https://registry.npmjs.org/create-point-cb/-/create-point-cb-1.2.0.tgz",
      "integrity": "sha1-G85H/E/AGFXuEhONZ2sMsqfLznE=",
      "requires": {
        "type-func": "^1.0.1"
      }
    },
    "date-fns": {
      "version": "2.14.0",
      "resolved": "https://registry.npmjs.org/date-fns/-/date-fns-2.14.0.tgz",
      "integrity": "sha512-1zD+68jhFgDIM0rF05rcwYO8cExdNqxjq4xP1QKM60Q45mnO6zaMWB4tOzrIr4M4GSLntsKeE4c9Bdl2jhL/yw=="
    },
    "dom-mousemove-dispatcher": {
      "version": "1.0.1",
      "resolved": "https://registry.npmjs.org/dom-mousemove-dispatcher/-/dom-mousemove-dispatcher-1.0.1.tgz",
      "integrity": "sha1-okpt35Oye7NpT3IIdUalf8fpFA8="
    },
    "dom-plane": {
      "version": "1.0.2",
      "resolved": "https://registry.npmjs.org/dom-plane/-/dom-plane-1.0.2.tgz",
      "integrity": "sha1-+MheaXxYfxR+j8L6wd4HjB/kFyw=",
      "requires": {
        "create-point-cb": "^1.0.0"
      }
    },
    "dom-set": {
      "version": "1.1.1",
      "resolved": "https://registry.npmjs.org/dom-set/-/dom-set-1.1.1.tgz",
      "integrity": "sha1-XCxhDuSDm1IO1fmN28vjFMD6lUo=",
      "requires": {
        "array-from": "^2.1.1",
        "is-array": "^1.0.1",
        "iselement": "^1.1.4"
      }
    },
    "flatpickr": {
      "version": "4.6.3",
      "resolved": "https://registry.npmjs.org/flatpickr/-/flatpickr-4.6.3.tgz",
      "integrity": "sha512-007VucCkqNOMMb9ggRLNuJowwaJcyOh4sKAFcdGfahfGc7JQbf94zSzjdBq/wVyHWUEs5o3+idhFZ0wbZMRmVQ=="
    },
    "is-array": {
      "version": "1.0.1",
      "resolved": "https://registry.npmjs.org/is-array/-/is-array-1.0.1.tgz",
      "integrity": "sha1-6YUMwsyGDDvAl36EzPDdRkWEJ5o="
    },
    "iselement": {
      "version": "1.1.4",
      "resolved": "https://registry.npmjs.org/iselement/-/iselement-1.1.4.tgz",
      "integrity": "sha1-flW1Ko68pQp+LoDluNKEDzI1MUY="
    },
    "ngx-bootstrap": {
      "version": "5.6.1",
      "resolved": "https://registry.npmjs.org/ngx-bootstrap/-/ngx-bootstrap-5.6.1.tgz",
      "integrity": "sha512-8fDs3VaaWgKpupakPKS0QaUc+1E/JMBGJDxUUODjyIkLtFr1A8vH4cjXiV3AfrPvhK27GH0oyTPyKWKcCjEtVg=="
    },
    "positioning": {
      "version": "2.0.1",
      "resolved": "https://registry.npmjs.org/positioning/-/positioning-2.0.1.tgz",
      "integrity": "sha512-DsAgM42kV/ObuwlRpAzDTjH9E8fGKkMDJHWFX+kfNXSxh7UCCQxEmdjv/Ws5Ft1XDnt3JT8fIDYeKNSE2TbttA=="
    },
    "tslib": {
      "version": "1.13.0",
      "resolved": "https://registry.npmjs.org/tslib/-/tslib-1.13.0.tgz",
      "integrity": "sha512-i/6DQjL8Xf3be4K/E6Wgpekn5Qasl1usyw++dAA35Ue5orEn65VIxOA+YvNNl9HV3qv70T7CNwjODHZrLwvd1Q=="
    },
    "type-func": {
      "version": "1.0.3",
      "resolved": "https://registry.npmjs.org/type-func/-/type-func-1.0.3.tgz",
      "integrity": "sha1-qxhCNK6A2NUAV87+/zstl9CK6bA="
    }
  }
}
